
Microsoft Visual Studio Solution File, Format Version 12.00
# Visual Studio Version 16
VisualStudioVersion = 16.0.29509.3
MinimumVisualStudioVersion = 10.0.40219.1
Project("{FAE04EC0-301F-11D3-BF4B-00C04F79EFBC}") = "Prueba", "Prueba\Prueba.csproj", "{8059D82B-4E74-44DF-993A-5A8E30FF5DD9}"
EndProject
Global
	GlobalSection(SolutionConfigurationPlatforms) = preSolution
		Debug|Any CPU = Debug|Any CPU
		Release|Any CPU = Release|Any CPU
	EndGlobalSection
	GlobalSection(ProjectConfigurationPlatforms) = postSolution
		{8059D82B-4E74-44DF-993A-5A8E30FF5DD9}.Debug|Any CPU.ActiveCfg = Debug|Any CPU
		{8059D82B-4E74-44DF-993A-5A8E30FF5DD9}.Debug|Any CPU.Build.0 = Debug|Any CPU
		{8059D82B-4E74-44DF-993A-5A8E30FF5DD9}.Release|Any CPU.ActiveCfg = Release|Any CPU
		{8059D82B-4E74-44DF-993A-5A8E30FF5DD9}.Release|Any CPU.Build.0 = Release|Any CPU
	EndGlobalSection
	GlobalSection(SolutionProperties) = preSolution
		HideSolutionNode = FALSE
	EndGlobalSection
	GlobalSection(ExtensibilityGlobals) = postSolution
		SolutionGuid = {858E3DF2-57FB-433B-B2B4-9BB58C04B89C}
	EndGlobalSection
EndGlobal
